<?xml version="1.0" encoding="utf-8"?>
<Project ToolsVersion="18.0" xmlns="http://schemas.microsoft.com/developer/msbuild/2003">
  <ItemGroup>
    <CustomBuild Include="C:\Users\Blood\Desktop\flycast\flycast\build-win\CMakeFiles\0863775ac1ba06f48b12fef99bf88288\INSTALL_force.rule">
      <Filter>CMake Rules</Filter>
    </CustomBuild>
  </ItemGroup>
  <ItemGroup>
    <Filter Include="CMake Rules">
      <UniqueIdentifier>{CE6D8F7D-66A4-3C9B-AE92-7B6B1B52F5C5}</UniqueIdentifier>
    </Filter>
  </ItemGroup>
</Project>
